// !$*UTF8*$!
{
	archiveVersion = 1;
	classes = {
	};
	objectVersion = 46;
	objects = {

/* Begin PBXBuildFile section */
		F44DBA471F0270770020B352 /* AppDelegate.swift in Sources */ = {isa = PBXBuildFile; fileRef = F44DBA461F0270770020B352 /* AppDelegate.swift */; };
		F44DBA491F0270770020B352 /* ViewController.swift in Sources */ = {isa = PBXBuildFile; fileRef = F44DBA481F0270770020B352 /* ViewController.swift */; };
		F44DBA4C1F0270770020B352 /* Main.storyboard in Resources */ = {isa = PBXBuildFile; fileRef = F44DBA4A1F0270770020B352 /* Main.storyboard */; };
		F44DBA4E1F0270770020B352 /* Assets.xcassets in Resources */ = {isa = PBXBuildFile; fileRef = F44DBA4D1F0270770020B352 /* Assets.xcassets */; };
		F44DBA511F0270770020B352 /* LaunchScreen.storyboard in Resources */ = {isa = PBXBuildFile; fileRef = F44DBA4F1F0270770020B352 /* LaunchScreen.storyboard */; };
/* End PBXBuildFile section */

/* Begin PBXFileReference section */
		F44DBA431F0270770020B352 /* Mircale Pill v2.app */ = {isa = PBXFileReference; explicitFileType = wrapper.application; includeInIndex = 0; path = "Mircale Pill v2.app"; sourceTree = BUILT_PRODUCTS_DIR; };
		F44DBA461F0270770020B352 /* AppDelegate.swift */ = {isa = PBXFileReference; lastKnownFileType = sourcecode.swift; path = AppDelegate.swift; sourceTree = "<group>"; };
		F44DBA481F0270770020B352 /* ViewController.swift */ = {isa = PBXFileReference; lastKnownFileType = sourcecode.swift; path = ViewController.swift; sourceTree = "<group>"; };
		F44DBA4B1F0270770020B352 /* Base */ = {isa = PBXFileReference; lastKnownFileType = file.storyboard; name = Base; path = Base.lproj/Main.storyboard; sourceTree = "<group>"; };
		F44DBA4D1F0270770020B352 /* Assets.xcassets */ = {isa = PBXFileReference; lastKnownFileType = folder.assetcatalog; path = Assets.xcassets; sourceTree = "<group>"; };
		F44DBA501F0270770020B352 /* Base */ = {isa = PBXFileReference; lastKnownFileType = file.storyboard; name = Base; path = Base.lproj/LaunchScreen.storyboard; sourceTree = "<group>"; };
		F44DBA521F0270770020B352 /* Info.plist */ = {isa = PBXFileReference; lastKnownFileType = text.plist.xml; path = Info.plist; sourceTree = "<group>"; };
/* End PBXFileReference section */

/* Begin PBXFrameworksBuildPhase section */
		F44DBA401F0270770020B352 /* Frameworks */ = {
			isa = PBXFrameworksBuildPhase;
			buildActionMask = 2147483647;
			files = (
			);
			runOnlyForDeploymentPostprocessing = 0;
		};
/* End PBXFrameworksBuildPhase section */

/* Begin PBXGroup section */
		F44DBA3A1F0270770020B352 = {
			isa = PBXGroup;
			children = (
				F44DBA451F0270770020B352 /* Mircale Pill v2 */,
				F44DBA441F0270770020B352 /* Products */,
			);
			sourceTree = "<group>";
		};
		F44DBA441F0270770020B352 /* Products */ = {
			isa = PBXGroup;
			children = (
				F44DBA431F0270770020B352 /* Mircale Pill v2.app */,
			);
			name = Products;
			sourceTree = "<group>";
		};
		F44DBA451F0270770020B352 /* Mircale Pill v2 */ = {
			isa = PBXGroup;
			children = (
				F44DBA461F0270770020B352 /* AppDelegate.swift */,
				F44DBA481F0270770020B352 /* ViewController.swift */,
				F44DBA4A1F0270770020B352 /* Main.storyboard */,
				F44DBA4D1F0270770020B352 /* Assets.xcassets */,
				F44DBA4F1F0270770020B352 /* LaunchScreen.storyboard */,
				F44DBA521F0270770020B352 /* Info.plist */,
			);
			path = "Mircale Pill v2";
			sourceTree = "<group>";
		};
/* End PBXGroup section */

/* Begin PBXNativeTarget section */
		F44DBA421F0270770020B352 /* Mircale Pill v2 */ = {
			isa = PBXNativeTarget;
			buildConfigurationList = F44DBA551F0270770020B352 /* Build configuration list for PBXNativeTarget "Mircale Pill v2" */;
			buildPhases = (
				F44DBA3F1F0270770020B352 /* Sources */,
				F44DBA401F0270770020B352 /* Frameworks */,
				F44DBA411F0270770020B352 /* Resources */,
			);
			buildRules = (
			);
			dependencies = (
			);
			name = "Mircale Pill v2";
			productName = "Mircale Pill v2";
			productReference = F44DBA431F0270770020B352 /* Mircale Pill v2.app */;
			productType = "com.apple.product-type.application";
		};
/* End PBXNativeTarget section */

/* Begin PBXProject section */
		F44DBA3B1F0270770020B352 /* Project object */ = {
			isa = PBXProject;
			attributes = {
				LastSwiftUpdateCheck = 0830;
				LastUpgradeCheck = 0830;
				ORGANIZATIONNAME = NaoKudo;
				TargetAttributes = {
					F44DBA421F0270770020B352 = {
						CreatedOnToolsVersion = 8.3.3;
						ProvisioningStyle = Automatic;
					};
				};
			};
			buildConfigurationList = F44DBA3E1F0270770020B352 /* Build configuration list for PBXProject "Mircale Pill v2" */;
			compatibilityVersion = "Xcode 3.2";
			developmentRegion = English;
			hasScannedForEncodings = 0;
			knownRegions = (
				en,
				Base,
			);
			mainGroup = F44DBA3A1F0270770020B352;
			productRefGroup = F44DBA441F0270770020B352 /* Products */;
			projectDirPath = "";
			projectRoot = "";
			targets = (
				F44DBA421F0270770020B352 /* Mircale Pill v2 */,
			);
		};
/* End PBXProject section */

/* Begin PBXResourcesBuildPhase section */
		F44DBA411F0270770020B352 /* Resources */ = {
			isa = PBXResourcesBuildPhase;
			buildActionMask = 2147483647;
			files = (
				F44DBA511F0270770020B352 /* LaunchScreen.storyboard in Resources */,
				F44DBA4E1F0270770020B352 /* Assets.xcassets in Resources */,
				F44DBA4C1F0270770020B352 /* Main.storyboard in Resources */,
			);
			runOnlyForDeploymentPostprocessing = 0;
		};
/* End PBXResourcesBuildPhase section */

/* Begin PBXSourcesBuildPhase section */
		F44DBA3F1F0270770020B352 /* Sources */ = {
			isa = PBXSourcesBuildPhase;
			buildActionMask = 2147483647;
			files = (
				F44DBA491F0270770020B352 /* ViewController.swift in Sources */,
				F44DBA471F0270770020B352 /* AppDelegate.swift in Sources */,
			);
			runOnlyForDeploymentPostprocessing = 0;
		};
/* End PBXSourcesBuildPhase section */

/* Begin PBXVariantGroup section */
		F44DBA4A1F0270770020B352 /* Main.storyboard */ = {
			isa = PBXVariantGroup;
			children = (
				F44DBA4B1F0270770020B352 /* Base */,
			);
			name = Main.storyboard;
			sourceTree = "<group>";
		};
		F44DBA4F1F0270770020B352 /* LaunchScreen.storyboard */ = {
			isa = PBXVariantGroup;
			children = (
				F44DBA501F0270770020B352 /* Base */,
			);
			name = LaunchScreen.storyboard;
			sourceTree = "<group>";
		};
/* End PBXVariantGroup section */

/* Begin XCBuildConfiguration section */
		F44DBA531F0270770020B352 /* Debug */ = {
			isa = XCBuildConfiguration;
			buildSettings = {
				ALWAYS_SEARCH_USER_PATHS = NO;
				CLANG_ANALYZER_NONNULL = YES;
				CLANG_ANALYZER_NUMBER_OBJECT_CONVERSION = YES_AGGRESSIVE;
				CLANG_CXX_LANGUAGE_STANDARD = "gnu++0x";
				CLANG_CXX_LIBRARY = "libc++";
				CLANG_ENABLE_MODULES = YES;
				CLANG_ENABLE_OBJC_ARC = YES;
				CLANG_WARN_BOOL_CONVERSION = YES;
				CLANG_WARN_CONSTANT_CONVERSION = YES;
				CLANG_WARN_DIRECT_OBJC_ISA_USAGE = YES_ERROR;
				CLANG_WARN_DOCUMENTATION_COMMENTS = YES;
				CLANG_WARN_EMPTY_BODY = YES;
				CLANG_WARN_ENUM_CONVERSION = YES;
				CLANG_WARN_INFINITE_RECURSION = YES;
				CLANG_WARN_INT_CONVERSION = YES;
				CLANG_WARN_OBJC_ROOT_CLASS = YES_ERROR;
				CLANG_WARN_SUSPICIOUS_MOVE = YES;
				CLANG_WARN_UNREACHABLE_CODE = YES;
				CLANG_WARN__DUPLICATE_METHOD_MATCH = YES;
				"CODE_SIGN_IDENTITY[sdk=iphoneos*]" = "iPhone Developer";
				COPY_PHASE_STRIP = NO;
				DEBUG_INFORMATION_FORMAT = dwarf;
				ENABLE_STRICT_OBJC_MSGSEND = YES;
				ENABLE_TESTABILITY = YES;
				GCC_C_LANGUAGE_STANDARD = gnu99;
				GCC_DYNAMIC_NO_PIC = NO;
				GCC_NO_COMMON_BLOCKS = YES;
				GCC_OPTIMIZATION_LEVEL = 0;
				GCC_PREPROCESSOR_DEFINITIONS = (
					"DEBUG=1",
					"$(inherited)",
				);
				GCC_WARN_64_TO_32_BIT_CONVERSION = YES;
				GCC_WARN_ABOUT_RETURN_TYPE = YES_ERROR;
				GCC_WARN_UNDECLARED_SELECTOR = YES;
				GCC_WARN_UNINITIALIZED_AUTOS = YES_AGGRESSIVE;
				GCC_WARN_UNUSED_FUNCTION = YES;
				GCC_WARN_UNUSED_VARIABLE = YES;
				IPHONEOS_DEPLOYMENT_TARGET = 10.3;
				MTL_ENABLE_DEBUG_INFO = YES;
				ONLY_ACTIVE_ARCH = YES;
				SDKROOT = iphoneos;
				SWIFT_ACTIVE_COMPILATION_CONDITIONS = DEBUG;
				SWIFT_OPTIMIZATION_LEVEL = "-Onone";
			};
			name = Debug;
		};
		F44DBA541F0270770020B352 /* Release */ = {
			isa = XCBuildConfiguration;
			buildSettings = {
				ALWAYS_SEARCH_USER_PATHS = NO;
				CLANG_ANALYZER_NONNULL = YES;
				CLANG_ANALYZER_NUMBER_OBJECT_CONVERSION = YES_AGGRESSIVE;
				CLANG_CXX_LANGUAGE_STANDARD = "gnu++0x";
				CLANG_CXX_LIBRARY = "libc++";
				CLANG_ENABLE_MODULES = YES;
				CLANG_ENABLE_OBJC_ARC = YES;
				CLANG_WARN_BOOL_CONVERSION = YES;
				CLANG_WARN_CONSTANT_CONVERSION = YES;
				CLANG_WARN_DIRECT_OBJC_ISA_USAGE = YES_ERROR;
				CLANG_WARN_DOCUMENTATION_COMMENTS = YES;
				CLANG_WARN_EMPTY_BODY = YES;
				CLANG_WARN_ENUM_CONVERSION = YES;
				CLANG_WARN_INFINITE_RECURSION = YES;
				CLANG_WARN_INT_CONVERSION = YES;
				CLANG_WARN_OBJC_ROOT_CLASS = YES_ERROR;
				CLANG_WARN_SUSPICIOUS_MOVE = YES;
				CLANG_WARN_UNREACHABLE_CODE = YES;
				CLANG_WARN__DUPLICATE_METHOD_MATCH = YES;
				"CODE_SIGN_IDENTITY[sdk=iphoneos*]" = "iPhone Developer";
				COPY_PHASE_STRIP = NO;
				DEBUG_INFORMATION_FORMAT = "dwarf-with-dsym";
				ENABLE_NS_ASSERTIONS = NO;
				ENABLE_STRICT_OBJC_MSGSEND = YES;
				GCC_C_LANGUAGE_STANDARD = gnu99;
				GCC_NO_COMMON_BLOCKS = YES;
				GCC_WARN_64_TO_32_BIT_CONVERSION = YES;
				GCC_WARN_ABOUT_RETURN_TYPE = YES_ERROR;
				GCC_WARN_UNDECLARED_SELECTOR = YES;
				GCC_WARN_UNINITIALIZED_AUTOS = YES_AGGRESSIVE;
				GCC_WARN_UNUSED_FUNCTION = YES;
				GCC_WARN_UNUSED_VARIABLE = YES;
				IPHONEOS_DEPLOYMENT_TARGET = 10.3;
				MTL_ENABLE_DEBUG_INFO = NO;
				SDKROOT = iphoneos;
				SWIFT_OPTIMIZATION_LEVEL = "-Owholemodule";
				VALIDATE_PRODUCT = YES;
			};
			name = Release;
		};
		F44DBA561F0270770020B352 /* Debug */ = {
			isa = XCBuildConfiguration;
			buildSettings = {
				ASSETCATALOG_COMPILER_APPICON_NAME = AppIcon;
				INFOPLIST_FILE = "Mircale Pill v2/Info.plist";
				LD_RUNPATH_SEARCH_PATHS = "$(inherited) @executable_path/Frameworks";
				PRODUCT_BUNDLE_IDENTIFIER = "com.NaoKudo.Mircale-Pill-v2";
				PRODUCT_NAME = "$(TARGET_NAME)";
				SWIFT_VERSION = 3.0;
			};
			name = Debug;
		};
		F44DBA571F0270770020B352 /* Release */ = {
			isa = XCBuildConfiguration;
			buildSettings = {
				ASSETCATALOG_COMPILER_APPICON_NAME = AppIcon;
				INFOPLIST_FILE = "Mircale Pill v2/Info.plist";
				LD_RUNPATH_SEARCH_PATHS = "$(inherited) @executable_path/Frameworks";
				PRODUCT_BUNDLE_IDENTIFIER = "com.NaoKudo.Mircale-Pill-v2";
				PRODUCT_NAME = "$(TARGET_NAME)";
				SWIFT_VERSION = 3.0;
			};
			name = Release;
		};
/* End XCBuildConfiguration section */

/* Begin XCConfigurationList section */
		F44DBA3E1F0270770020B352 /* Build configuration list for PBXProject "Mircale Pill v2" */ = {
			isa = XCConfigurationList;
			buildConfigurations = (
				F44DBA531F0270770020B352 /* Debug */,
				F44DBA541F0270770020B352 /* Release */,
			);
			defaultConfigurationIsVisible = 0;
			defaultConfigurationName = Release;
		};
		F44DBA551F0270770020B352 /* Build configuration list for PBXNativeTarget "Mircale Pill v2" */ = {
			isa = XCConfigurationList;
			buildConfigurations = (
				F44DBA561F0270770020B352 /* Debug */,
				F44DBA571F0270770020B352 /* Release */,
			);
			defaultConfigurationIsVisible = 0;
		};
/* End XCConfigurationList section */
	};
	rootObject = F44DBA3B1F0270770020B352 /* Project object */;
}
